<?xml version="1.0" encoding="utf-8"?>
<Project ToolsVersion="4.0" xmlns="http://schemas.microsoft.com/developer/msbuild/2003">
  <ItemGroup>
    <ClCompile Include="src\aitank.cpp">
      <Filter>Source Files</Filter>
    </ClCompile>
    <ClCompile Include="src\astar.cpp">
      <Filter>Source Files</Filter>
    </ClCompile>
    <ClCompile Include="src\boundingBox.cpp">
      <Filter>Source Files</Filter>
    </ClCompile>
    <ClCompile Include="src\debuggrid.cpp">
      <Filter>Source Files</Filter>
    </ClCompile>
    <ClCompile Include="src\DumbTank.cpp">
      <Filter>Source Files</Filter>
    </ClCompile>
    <ClCompile Include="src\game.cpp">
      <Filter>Source Files</Filter>
    </ClCompile>
    <ClCompile Include="src\main.cpp">
      <Filter>Source Files</Filter>
    </ClCompile>
    <ClCompile Include="src\nodeMap.cpp">
      <Filter>Source Files</Filter>
    </ClCompile>
    <ClCompile Include="src\obstacle.cpp">
      <Filter>Source Files</Filter>
    </ClCompile>
    <ClCompile Include="src\playerTank.cpp">
      <Filter>Source Files</Filter>
    </ClCompile>
    <ClCompile Include="src\shell.cpp">
      <Filter>Source Files</Filter>
    </ClCompile>
    <ClCompile Include="src\tank.cpp">
      <Filter>Source Files</Filter>
    </ClCompile>
    <ClCompile Include="src\tankNet.cpp">
      <Filter>Source Files</Filter>
    </ClCompile>
    <ClCompile Include="src\GridNode.cpp">
      <Filter>Source Files</Filter>
    </ClCompile>
  </ItemGroup>
  <ItemGroup>
    <ClInclude Include="include\aitank.h">
      <Filter>Header Files</Filter>
    </ClInclude>
    <ClInclude Include="include\astar.h">
      <Filter>Header Files</Filter>
    </ClInclude>
    <ClInclude Include="include\boundingBox.h">
      <Filter>Header Files</Filter>
    </ClInclude>
    <ClInclude Include="include\debuggrid.h">
      <Filter>Header Files</Filter>
    </ClInclude>
    <ClInclude Include="include\dumbTank.h">
      <Filter>Header Files</Filter>
    </ClInclude>
    <ClInclude Include="include\game.h">
      <Filter>Header Files</Filter>
    </ClInclude>
    <ClInclude Include="include\nodeMap.h">
      <Filter>Header Files</Filter>
    </ClInclude>
    <ClInclude Include="include\node.h">
      <Filter>Header Files</Filter>
    </ClInclude>
    <ClInclude Include="include\obstacle.h">
      <Filter>Header Files</Filter>
    </ClInclude>
    <ClInclude Include="include\position.h">
      <Filter>Header Files</Filter>
    </ClInclude>
    <ClInclude Include="include\playerTank.h">
      <Filter>Header Files</Filter>
    </ClInclude>
    <ClInclude Include="include\shell.h">
      <Filter>Header Files</Filter>
    </ClInclude>
    <ClInclude Include="include\tank.h">
      <Filter>Header Files</Filter>
    </ClInclude>
    <ClInclude Include="include\tankNet.h">
      <Filter>Header Files</Filter>
    </ClInclude>
    <ClInclude Include="include\GridNode.h">
      <Filter>Header Files</Filter>
    </ClInclude>
  </ItemGroup>
  <ItemGroup>
    <Filter Include="Header Files">
      <UniqueIdentifier>{17b94f1b-8cb6-4f9e-adec-9696d50850de}</UniqueIdentifier>
    </Filter>
    <Filter Include="Source Files">
      <UniqueIdentifier>{6aba9e57-0e7b-4c24-9789-7c4b9c83504b}</UniqueIdentifier>
    </Filter>
    <Filter Include="Resource Files">
      <UniqueIdentifier>{7d45e704-ac98-4030-ad5d-217ffa4acd81}</UniqueIdentifier>
    </Filter>
  </ItemGroup>
</Project>